
Microsoft Visual Studio Solution File, Format Version 12.00
# Visual Studio Version 16
VisualStudioVersion = 16.0.31605.320
MinimumVisualStudioVersion = 10.0.40219.1
Project("{FAE04EC0-301F-11D3-BF4B-00C04F79EFBC}") = "Sistema", "Sistema.csproj", "{B0559140-765E-491D-96CE-2AE160D58991}"
EndProject
Project("{FAE04EC0-301F-11D3-BF4B-00C04F79EFBC}") = "sistema.DAL", "..\sistema.DAL\sistema.DAL.csproj", "{97B064D0-AC65-4152-9CE5-61C18776CE18}"
EndProject
Global
	GlobalSection(SolutionConfigurationPlatforms) = preSolution
		Debug|Any CPU = Debug|Any CPU
		Release|Any CPU = Release|Any CPU
	EndGlobalSection
	GlobalSection(ProjectConfigurationPlatforms) = postSolution
		{B0559140-765E-491D-96CE-2AE160D58991}.Debug|Any CPU.ActiveCfg = Debug|Any CPU
		{B0559140-765E-491D-96CE-2AE160D58991}.Debug|Any CPU.Build.0 = Debug|Any CPU
		{B0559140-765E-491D-96CE-2AE160D58991}.Release|Any CPU.ActiveCfg = Release|Any CPU
		{B0559140-765E-491D-96CE-2AE160D58991}.Release|Any CPU.Build.0 = Release|Any CPU
		{97B064D0-AC65-4152-9CE5-61C18776CE18}.Debug|Any CPU.ActiveCfg = Debug|Any CPU
		{97B064D0-AC65-4152-9CE5-61C18776CE18}.Debug|Any CPU.Build.0 = Debug|Any CPU
		{97B064D0-AC65-4152-9CE5-61C18776CE18}.Release|Any CPU.ActiveCfg = Release|Any CPU
		{97B064D0-AC65-4152-9CE5-61C18776CE18}.Release|Any CPU.Build.0 = Release|Any CPU
	EndGlobalSection
	GlobalSection(SolutionProperties) = preSolution
		HideSolutionNode = FALSE
	EndGlobalSection
	GlobalSection(ExtensibilityGlobals) = postSolution
		SolutionGuid = {A707CF7A-7316-47EB-AFA1-934833EB5698}
	EndGlobalSection
EndGlobal
